
Microsoft Visual Studio Solution File, Format Version 12.00
Project("{FAE04EC0-301F-11D3-BF4B-00C04F79EFBC}") = "ss-lab3", "ss-lab3\ss-lab3.csproj", "{1495F9C2-1497-4826-9B1C-21C34107BD3C}"
EndProject
Project("{FAE04EC0-301F-11D3-BF4B-00C04F79EFBC}") = "ss-lab3-extended", "ss-lab3-extended\ss-lab3-extended.csproj", "{52036182-01A2-4208-A208-DDCB30FD5F68}"
EndProject
Global
	GlobalSection(SolutionConfigurationPlatforms) = preSolution
		Debug|Any CPU = Debug|Any CPU
		Release|Any CPU = Release|Any CPU
	EndGlobalSection
	GlobalSection(ProjectConfigurationPlatforms) = postSolution
		{1495F9C2-1497-4826-9B1C-21C34107BD3C}.Debug|Any CPU.ActiveCfg = Debug|Any CPU
		{1495F9C2-1497-4826-9B1C-21C34107BD3C}.Debug|Any CPU.Build.0 = Debug|Any CPU
		{1495F9C2-1497-4826-9B1C-21C34107BD3C}.Release|Any CPU.ActiveCfg = Release|Any CPU
		{1495F9C2-1497-4826-9B1C-21C34107BD3C}.Release|Any CPU.Build.0 = Release|Any CPU
		{52036182-01A2-4208-A208-DDCB30FD5F68}.Debug|Any CPU.ActiveCfg = Debug|Any CPU
		{52036182-01A2-4208-A208-DDCB30FD5F68}.Debug|Any CPU.Build.0 = Debug|Any CPU
		{52036182-01A2-4208-A208-DDCB30FD5F68}.Release|Any CPU.ActiveCfg = Release|Any CPU
		{52036182-01A2-4208-A208-DDCB30FD5F68}.Release|Any CPU.Build.0 = Release|Any CPU
	EndGlobalSection
EndGlobal
